Microsoft Visual Studio Solution File, Format Version 9.00
# Visual Studio 2005
Project("{8BC9CEB8-8B4A-11D0-8D11-00A0C91BC942}") = "SampleSocketPort", "demo\SampleSocketPort.vcproj", "{84618DB0-9D01-4A78-9913-F7505485037F}"
	ProjectSection(ProjectDependencies) = postProject
		{E1166905-585F-4154-98AD-B5120F6BB5AA} = {E1166905-585F-4154-98AD-B5120F6BB5AA}
		{C377A2E6-B32F-41F5-BF3A-E2B7064E9F10} = {C377A2E6-B32F-41F5-BF3A-E2B7064E9F10}
	EndProjectSection
EndProject
Project("{8BC9CEB8-8B4A-11D0-8D11-00A0C91BC942}") = "buffer", "demo\buffer.vcproj", "{30DF9507-D3D6-43E4-A901-CAD89E2F4521}"
	ProjectSection(ProjectDependencies) = postProject
		{C377A2E6-B32F-41F5-BF3A-E2B7064E9F10} = {C377A2E6-B32F-41F5-BF3A-E2B7064E9F10}
	EndProjectSection
EndProject
Project("{8BC9CEB8-8B4A-11D0-8D11-00A0C91BC942}") = "ccext2", "ccext2.vcproj", "{E1166905-585F-4154-98AD-B5120F6BB5AA}"
	ProjectSection(ProjectDependencies) = postProject
		{C377A2E6-B32F-41F5-BF3A-E2B7064E9F10} = {C377A2E6-B32F-41F5-BF3A-E2B7064E9F10}
	EndProjectSection
EndProject
Project("{8BC9CEB8-8B4A-11D0-8D11-00A0C91BC942}") = "ccgnu2", "ccgnu2.vcproj", "{C377A2E6-B32F-41F5-BF3A-E2B7064E9F10}"
EndProject
Project("{8BC9CEB8-8B4A-11D0-8D11-00A0C91BC942}") = "crc32", "demo\crc32.vcproj", "{7560CA99-3744-4E17-BE82-0C4FCF285873}"
	ProjectSection(ProjectDependencies) = postProject
		{E1166905-585F-4154-98AD-B5120F6BB5AA} = {E1166905-585F-4154-98AD-B5120F6BB5AA}
		{C377A2E6-B32F-41F5-BF3A-E2B7064E9F10} = {C377A2E6-B32F-41F5-BF3A-E2B7064E9F10}
	EndProjectSection
EndProject
Project("{8BC9CEB8-8B4A-11D0-8D11-00A0C91BC942}") = "slogTest", "demo\slogTest.vcproj", "{B8B4DA1D-D6E4-421D-9580-CDC9B912B0CE}"
	ProjectSection(ProjectDependencies) = postProject
		{C377A2E6-B32F-41F5-BF3A-E2B7064E9F10} = {C377A2E6-B32F-41F5-BF3A-E2B7064E9F10}
	EndProjectSection
EndProject
Project("{8BC9CEB8-8B4A-11D0-8D11-00A0C91BC942}") = "tcp", "demo\tcp.vcproj", "{13499D69-ED8E-487A-9F58-D9054F2F8933}"
	ProjectSection(ProjectDependencies) = postProject
		{C377A2E6-B32F-41F5-BF3A-E2B7064E9F10} = {C377A2E6-B32F-41F5-BF3A-E2B7064E9F10}
	EndProjectSection
EndProject
Project("{8BC9CEB8-8B4A-11D0-8D11-00A0C91BC942}") = "tcpservice", "demo\tcpservice.vcproj", "{8D23A860-D44C-4FDD-A986-CCE588552997}"
	ProjectSection(ProjectDependencies) = postProject
		{E1166905-585F-4154-98AD-B5120F6BB5AA} = {E1166905-585F-4154-98AD-B5120F6BB5AA}
		{C377A2E6-B32F-41F5-BF3A-E2B7064E9F10} = {C377A2E6-B32F-41F5-BF3A-E2B7064E9F10}
	EndProjectSection
EndProject
Project("{8BC9CEB8-8B4A-11D0-8D11-00A0C91BC942}") = "tcpthread", "demo\tcpthread.vcproj", "{E717CD47-85AB-4990-8C68-4CB32BD78E90}"
	ProjectSection(ProjectDependencies) = postProject
		{C377A2E6-B32F-41F5-BF3A-E2B7064E9F10} = {C377A2E6-B32F-41F5-BF3A-E2B7064E9F10}
	EndProjectSection
EndProject
Project("{8BC9CEB8-8B4A-11D0-8D11-00A0C91BC942}") = "urlfetch", "demo\urlfetch.vcproj", "{37DFA3DB-51DC-44AF-8AEF-26771FEC0D87}"
	ProjectSection(ProjectDependencies) = postProject
		{E1166905-585F-4154-98AD-B5120F6BB5AA} = {E1166905-585F-4154-98AD-B5120F6BB5AA}
		{C377A2E6-B32F-41F5-BF3A-E2B7064E9F10} = {C377A2E6-B32F-41F5-BF3A-E2B7064E9F10}
	EndProjectSection
EndProject
Project("{8BC9CEB8-8B4A-11D0-8D11-00A0C91BC942}") = "xmlfetch", "demo\xmlfetch.vcproj", "{529EBD86-34AC-4C5A-9C5B-EEDCA6212C9B}"
	ProjectSection(ProjectDependencies) = postProject
		{E1166905-585F-4154-98AD-B5120F6BB5AA} = {E1166905-585F-4154-98AD-B5120F6BB5AA}
		{C377A2E6-B32F-41F5-BF3A-E2B7064E9F10} = {C377A2E6-B32F-41F5-BF3A-E2B7064E9F10}
	EndProjectSection
EndProject
Global
	GlobalSection(SolutionConfigurationPlatforms) = preSolution
		Debug|Win32 = Debug|Win32
		Release|Win32 = Release|Win32
	EndGlobalSection
	GlobalSection(ProjectConfigurationPlatforms) = postSolution
		{84618DB0-9D01-4A78-9913-F7505485037F}.Debug|Win32.ActiveCfg = Debug|Win32
		{84618DB0-9D01-4A78-9913-F7505485037F}.Debug|Win32.Build.0 = Debug|Win32
		{84618DB0-9D01-4A78-9913-F7505485037F}.Release|Win32.ActiveCfg = Release|Win32
		{84618DB0-9D01-4A78-9913-F7505485037F}.Release|Win32.Build.0 = Release|Win32
		{30DF9507-D3D6-43E4-A901-CAD89E2F4521}.Debug|Win32.ActiveCfg = Debug|Win32
		{30DF9507-D3D6-43E4-A901-CAD89E2F4521}.Debug|Win32.Build.0 = Debug|Win32
		{30DF9507-D3D6-43E4-A901-CAD89E2F4521}.Release|Win32.ActiveCfg = Release|Win32
		{30DF9507-D3D6-43E4-A901-CAD89E2F4521}.Release|Win32.Build.0 = Release|Win32
		{E1166905-585F-4154-98AD-B5120F6BB5AA}.Debug|Win32.ActiveCfg = Debug|Win32
		{E1166905-585F-4154-98AD-B5120F6BB5AA}.Debug|Win32.Build.0 = Debug|Win32
		{E1166905-585F-4154-98AD-B5120F6BB5AA}.Release|Win32.ActiveCfg = Release|Win32
		{E1166905-585F-4154-98AD-B5120F6BB5AA}.Release|Win32.Build.0 = Release|Win32
		{C377A2E6-B32F-41F5-BF3A-E2B7064E9F10}.Debug|Win32.ActiveCfg = Debug|Win32
		{C377A2E6-B32F-41F5-BF3A-E2B7064E9F10}.Debug|Win32.Build.0 = Debug|Win32
		{C377A2E6-B32F-41F5-BF3A-E2B7064E9F10}.Release|Win32.ActiveCfg = Release|Win32
		{C377A2E6-B32F-41F5-BF3A-E2B7064E9F10}.Release|Win32.Build.0 = Release|Win32
		{7560CA99-3744-4E17-BE82-0C4FCF285873}.Debug|Win32.ActiveCfg = Debug|Win32
		{7560CA99-3744-4E17-BE82-0C4FCF285873}.Debug|Win32.Build.0 = Debug|Win32
		{7560CA99-3744-4E17-BE82-0C4FCF285873}.Release|Win32.ActiveCfg = Release|Win32
		{7560CA99-3744-4E17-BE82-0C4FCF285873}.Release|Win32.Build.0 = Release|Win32
		{B8B4DA1D-D6E4-421D-9580-CDC9B912B0CE}.Debug|Win32.ActiveCfg = Debug|Win32
		{B8B4DA1D-D6E4-421D-9580-CDC9B912B0CE}.Debug|Win32.Build.0 = Debug|Win32
		{B8B4DA1D-D6E4-421D-9580-CDC9B912B0CE}.Release|Win32.ActiveCfg = Release|Win32
		{B8B4DA1D-D6E4-421D-9580-CDC9B912B0CE}.Release|Win32.Build.0 = Release|Win32
		{13499D69-ED8E-487A-9F58-D9054F2F8933}.Debug|Win32.ActiveCfg = Debug|Win32
		{13499D69-ED8E-487A-9F58-D9054F2F8933}.Debug|Win32.Build.0 = Debug|Win32
		{13499D69-ED8E-487A-9F58-D9054F2F8933}.Release|Win32.ActiveCfg = Release|Win32
		{13499D69-ED8E-487A-9F58-D9054F2F8933}.Release|Win32.Build.0 = Release|Win32
		{8D23A860-D44C-4FDD-A986-CCE588552997}.Debug|Win32.ActiveCfg = Debug|Win32
		{8D23A860-D44C-4FDD-A986-CCE588552997}.Debug|Win32.Build.0 = Debug|Win32
		{8D23A860-D44C-4FDD-A986-CCE588552997}.Release|Win32.ActiveCfg = Release|Win32
		{8D23A860-D44C-4FDD-A986-CCE588552997}.Release|Win32.Build.0 = Release|Win32
		{E717CD47-85AB-4990-8C68-4CB32BD78E90}.Debug|Win32.ActiveCfg = Debug|Win32
		{E717CD47-85AB-4990-8C68-4CB32BD78E90}.Debug|Win32.Build.0 = Debug|Win32
		{E717CD47-85AB-4990-8C68-4CB32BD78E90}.Release|Win32.ActiveCfg = Release|Win32
		{E717CD47-85AB-4990-8C68-4CB32BD78E90}.Release|Win32.Build.0 = Release|Win32
		{37DFA3DB-51DC-44AF-8AEF-26771FEC0D87}.Debug|Win32.ActiveCfg = Debug|Win32
		{37DFA3DB-51DC-44AF-8AEF-26771FEC0D87}.Debug|Win32.Build.0 = Debug|Win32
		{37DFA3DB-51DC-44AF-8AEF-26771FEC0D87}.Release|Win32.ActiveCfg = Release|Win32
		{37DFA3DB-51DC-44AF-8AEF-26771FEC0D87}.Release|Win32.Build.0 = Release|Win32
		{529EBD86-34AC-4C5A-9C5B-EEDCA6212C9B}.Debug|Win32.ActiveCfg = Debug|Win32
		{529EBD86-34AC-4C5A-9C5B-EEDCA6212C9B}.Debug|Win32.Build.0 = Debug|Win32
		{529EBD86-34AC-4C5A-9C5B-EEDCA6212C9B}.Release|Win32.ActiveCfg = Release|Win32
		{529EBD86-34AC-4C5A-9C5B-EEDCA6212C9B}.Release|Win32.Build.0 = Release|Win32
	EndGlobalSection
	GlobalSection(SolutionProperties) = preSolution
		HideSolutionNode = FALSE
	EndGlobalSection
EndGlobal
