Microsoft Visual Studio Solution File, Format Version 8.00
Project("{8BC9CEB8-8B4A-11D0-8D11-00A0C91BC942}") = "ccrtp1", "ccrtp1.vcproj", "{36E9E892-64C7-442F-BC00-CBA6C26C6D48}"
	ProjectSection(ProjectDependencies) = postProject
	EndProjectSection
EndProject
Project("{8BC9CEB8-8B4A-11D0-8D11-00A0C91BC942}") = "rtphello", "rtphello.vcproj", "{DAC6AECD-9668-43ED-B75E-70D4DE5E1D52}"
	ProjectSection(ProjectDependencies) = postProject
		{36E9E892-64C7-442F-BC00-CBA6C26C6D48} = {36E9E892-64C7-442F-BC00-CBA6C26C6D48}
	EndProjectSection
EndProject
Project("{8BC9CEB8-8B4A-11D0-8D11-00A0C91BC942}") = "rtplisten", "rtplisten.vcproj", "{C34AED07-F2F1-409B-886B-BFC1C9D92120}"
	ProjectSection(ProjectDependencies) = postProject
		{36E9E892-64C7-442F-BC00-CBA6C26C6D48} = {36E9E892-64C7-442F-BC00-CBA6C26C6D48}
	EndProjectSection
EndProject
Project("{8BC9CEB8-8B4A-11D0-8D11-00A0C91BC942}") = "rtpsend", "rtpsend.vcproj", "{6402E921-A7C1-40B2-A560-471EAD87BC98}"
	ProjectSection(ProjectDependencies) = postProject
		{36E9E892-64C7-442F-BC00-CBA6C26C6D48} = {36E9E892-64C7-442F-BC00-CBA6C26C6D48}
	EndProjectSection
EndProject
Global
	GlobalSection(SolutionConfiguration) = preSolution
		Debug = Debug
		Release = Release
	EndGlobalSection
	GlobalSection(ProjectConfiguration) = postSolution
		{36E9E892-64C7-442F-BC00-CBA6C26C6D48}.Debug.ActiveCfg = Debug|Win32
		{36E9E892-64C7-442F-BC00-CBA6C26C6D48}.Debug.Build.0 = Debug|Win32
		{36E9E892-64C7-442F-BC00-CBA6C26C6D48}.Release.ActiveCfg = Release|Win32
		{36E9E892-64C7-442F-BC00-CBA6C26C6D48}.Release.Build.0 = Release|Win32
		{DAC6AECD-9668-43ED-B75E-70D4DE5E1D52}.Debug.ActiveCfg = Debug|Win32
		{DAC6AECD-9668-43ED-B75E-70D4DE5E1D52}.Debug.Build.0 = Debug|Win32
		{DAC6AECD-9668-43ED-B75E-70D4DE5E1D52}.Release.ActiveCfg = Release|Win32
		{DAC6AECD-9668-43ED-B75E-70D4DE5E1D52}.Release.Build.0 = Release|Win32
		{C34AED07-F2F1-409B-886B-BFC1C9D92120}.Debug.ActiveCfg = Debug|Win32
		{C34AED07-F2F1-409B-886B-BFC1C9D92120}.Debug.Build.0 = Debug|Win32
		{C34AED07-F2F1-409B-886B-BFC1C9D92120}.Release.ActiveCfg = Release|Win32
		{C34AED07-F2F1-409B-886B-BFC1C9D92120}.Release.Build.0 = Release|Win32
		{6402E921-A7C1-40B2-A560-471EAD87BC98}.Debug.ActiveCfg = Debug|Win32
		{6402E921-A7C1-40B2-A560-471EAD87BC98}.Debug.Build.0 = Debug|Win32
		{6402E921-A7C1-40B2-A560-471EAD87BC98}.Release.ActiveCfg = Release|Win32
		{6402E921-A7C1-40B2-A560-471EAD87BC98}.Release.Build.0 = Release|Win32
	EndGlobalSection
	GlobalSection(ExtensibilityGlobals) = postSolution
	EndGlobalSection
	GlobalSection(ExtensibilityAddIns) = postSolution
	EndGlobalSection
EndGlobal
